// !$*UTF8*$!
{
	archiveVersion = 1;
	classes = {
	};
	objectVersion = 52;
	objects = {

/* Begin PBXBuildFile section */
		C70B379D25ED7CC100553597 /* Geocaches.swift in Sources */ = {isa = PBXBuildFile; fileRef = C70B379C25ED7CC100553597 /* Geocaches.swift */; };
		C73E04BB249F9F4700C6E22C /* WoodsApp.swift in Sources */ = {isa = PBXBuildFile; fileRef = C73E04BA249F9F4700C6E22C /* WoodsApp.swift */; };
		C73E04BF249F9F4700C6E22C /* ContentView.swift in Sources */ = {isa = PBXBuildFile; fileRef = C73E04BE249F9F4700C6E22C /* ContentView.swift */; };
		C73E04C1249F9F4A00C6E22C /* Assets.xcassets in Resources */ = {isa = PBXBuildFile; fileRef = C73E04C0249F9F4A00C6E22C /* Assets.xcassets */; };
		C73E04C4249F9F4A00C6E22C /* Preview Assets.xcassets in Resources */ = {isa = PBXBuildFile; fileRef = C73E04C3249F9F4A00C6E22C /* Preview Assets.xcassets */; };
		C73E04C7249F9F4A00C6E22C /* LaunchScreen.storyboard in Resources */ = {isa = PBXBuildFile; fileRef = C73E04C5249F9F4A00C6E22C /* LaunchScreen.storyboard */; };
		C73E04D2249F9F4A00C6E22C /* WoodsTests.swift in Sources */ = {isa = PBXBuildFile; fileRef = C73E04D1249F9F4A00C6E22C /* WoodsTests.swift */; };
		C73E04DD249F9F4A00C6E22C /* WoodsUITests.swift in Sources */ = {isa = PBXBuildFile; fileRef = C73E04DC249F9F4A00C6E22C /* WoodsUITests.swift */; };
		C765460125D87B26004F14E8 /* Geocache.swift in Sources */ = {isa = PBXBuildFile; fileRef = C765460025D87B26004F14E8 /* Geocache.swift */; };
		C765460925D87BA9004F14E8 /* GeocacheType.swift in Sources */ = {isa = PBXBuildFile; fileRef = C765460825D87BA9004F14E8 /* GeocacheType.swift */; };
		C765460E25D87C5A004F14E8 /* Coordinates.swift in Sources */ = {isa = PBXBuildFile; fileRef = C765460D25D87C5A004F14E8 /* Coordinates.swift */; };
		C765461325D87CEB004F14E8 /* GeocacheSize.swift in Sources */ = {isa = PBXBuildFile; fileRef = C765461225D87CEB004F14E8 /* GeocacheSize.swift */; };
		C765461C25D87E74004F14E8 /* Connector.swift in Sources */ = {isa = PBXBuildFile; fileRef = C765461B25D87E74004F14E8 /* Connector.swift */; };
		C765462425D87E9C004F14E8 /* GeocachesInRadiusQuery.swift in Sources */ = {isa = PBXBuildFile; fileRef = C765462325D87E9C004F14E8 /* GeocachesInRadiusQuery.swift */; };
		C765462C25D880D7004F14E8 /* Length.swift in Sources */ = {isa = PBXBuildFile; fileRef = C765462B25D880D7004F14E8 /* Length.swift */; };
		C765463125D8856C004F14E8 /* Credentials.swift in Sources */ = {isa = PBXBuildFile; fileRef = C765463025D8856C004F14E8 /* Credentials.swift */; };
		C765463625D885B3004F14E8 /* ConnectorError.swift in Sources */ = {isa = PBXBuildFile; fileRef = C765463525D885B3004F14E8 /* ConnectorError.swift */; };
		C765463C25D88AC6004F14E8 /* Accounts.swift in Sources */ = {isa = PBXBuildFile; fileRef = C765463B25D88AC6004F14E8 /* Accounts.swift */; };
		C765464125D88B6C004F14E8 /* KeychainError.swift in Sources */ = {isa = PBXBuildFile; fileRef = C765464025D88B6C004F14E8 /* KeychainError.swift */; };
		C765464E25D88CEC004F14E8 /* AccountsView.swift in Sources */ = {isa = PBXBuildFile; fileRef = C765464D25D88CEC004F14E8 /* AccountsView.swift */; };
		C765465325D88E48004F14E8 /* LoginView.swift in Sources */ = {isa = PBXBuildFile; fileRef = C765465225D88E48004F14E8 /* LoginView.swift */; };
		C765465825D890E1004F14E8 /* Account.swift in Sources */ = {isa = PBXBuildFile; fileRef = C765465725D890E1004F14E8 /* Account.swift */; };
		C765465D25D890F6004F14E8 /* AccountType.swift in Sources */ = {isa = PBXBuildFile; fileRef = C765465C25D890F6004F14E8 /* AccountType.swift */; };
		C765466225D89141004F14E8 /* GeocachingComConnector.swift in Sources */ = {isa = PBXBuildFile; fileRef = C765466125D89141004F14E8 /* GeocachingComConnector.swift */; };
		C765467725D8A23C004F14E8 /* PersistenceUtils.swift in Sources */ = {isa = PBXBuildFile; fileRef = C765467625D8A23C004F14E8 /* PersistenceUtils.swift */; };
		C765467F25D8A280004F14E8 /* JSONUtils.swift in Sources */ = {isa = PBXBuildFile; fileRef = C765467E25D8A280004F14E8 /* JSONUtils.swift */; };
		C765468425D8A2A1004F14E8 /* EnvironmentUtils.swift in Sources */ = {isa = PBXBuildFile; fileRef = C765468325D8A2A1004F14E8 /* EnvironmentUtils.swift */; };
		C765468925D8A2C9004F14E8 /* DataUtils.swift in Sources */ = {isa = PBXBuildFile; fileRef = C765468825D8A2C9004F14E8 /* DataUtils.swift */; };
		C765468E25D8A30F004F14E8 /* PersistenceError.swift in Sources */ = {isa = PBXBuildFile; fileRef = C765468D25D8A30F004F14E8 /* PersistenceError.swift */; };
		C765469B25ED25DE004F14E8 /* EnumPicker.swift in Sources */ = {isa = PBXBuildFile; fileRef = C765469A25ED25DE004F14E8 /* EnumPicker.swift */; };
		C76546B025ED2DB6004F14E8 /* HTTPRequest.swift in Sources */ = {isa = PBXBuildFile; fileRef = C76546AF25ED2DB6004F14E8 /* HTTPRequest.swift */; };
		C76546B625ED2E07004F14E8 /* SwiftSoup in Frameworks */ = {isa = PBXBuildFile; productRef = C76546B525ED2E07004F14E8 /* SwiftSoup */; };
		C7B6F0FD249FA16B00454841 /* RefreshableGeocacheMapView.swift in Sources */ = {isa = PBXBuildFile; fileRef = C7B6F0FC249FA16B00454841 /* RefreshableGeocacheMapView.swift */; };
		C7B6F0FF249FA1B300454841 /* Map.swift in Sources */ = {isa = PBXBuildFile; fileRef = C7B6F0FE249FA1B300454841 /* Map.swift */; };
		C7B74E6C25ED8DA600D5194B /* GeocacheMapView.swift in Sources */ = {isa = PBXBuildFile; fileRef = C7B74E6B25ED8DA600D5194B /* GeocacheMapView.swift */; };
		C7B74E8825EDADC100D5194B /* SlideOverCard.swift in Sources */ = {isa = PBXBuildFile; fileRef = C7B74E8725EDADC100D5194B /* SlideOverCard.swift */; };
		C7B74E8D25EDAEA400D5194B /* Handle.swift in Sources */ = {isa = PBXBuildFile; fileRef = C7B74E8C25EDAEA400D5194B /* Handle.swift */; };
		C7E1B88A25ED72F0004575A5 /* MockConnector.swift in Sources */ = {isa = PBXBuildFile; fileRef = C7E1B88925ED72F0004575A5 /* MockConnector.swift */; };
		C7E1B88F25ED73EB004575A5 /* PublisherUtils.swift in Sources */ = {isa = PBXBuildFile; fileRef = C7E1B88E25ED73EB004575A5 /* PublisherUtils.swift */; };
/* End PBXBuildFile section */

/* Begin PBXContainerItemProxy section */
		C73E04CE249F9F4A00C6E22C /* PBXContainerItemProxy */ = {
			isa = PBXContainerItemProxy;
			containerPortal = C73E04AF249F9F4700C6E22C /* Project object */;
			proxyType = 1;
			remoteGlobalIDString = C73E04B6249F9F4700C6E22C;
			remoteInfo = Woods;
		};
		C73E04D9249F9F4A00C6E22C /* PBXContainerItemProxy */ = {
			isa = PBXContainerItemProxy;
			containerPortal = C73E04AF249F9F4700C6E22C /* Project object */;
			proxyType = 1;
			remoteGlobalIDString = C73E04B6249F9F4700C6E22C;
			remoteInfo = Woods;
		};
/* End PBXContainerItemProxy section */

/* Begin PBXFileReference section */
		C70B379C25ED7CC100553597 /* Geocaches.swift */ = {isa = PBXFileReference; lastKnownFileType = sourcecode.swift; path = Geocaches.swift; sourceTree = "<group>"; };
		C73E04B7249F9F4700C6E22C /* Woods.app */ = {isa = PBXFileReference; explicitFileType = wrapper.application; includeInIndex = 0; path = Woods.app; sourceTree = BUILT_PRODUCTS_DIR; };
		C73E04BA249F9F4700C6E22C /* WoodsApp.swift */ = {isa = PBXFileReference; lastKnownFileType = sourcecode.swift; path = WoodsApp.swift; sourceTree = "<group>"; };
		C73E04BE249F9F4700C6E22C /* ContentView.swift */ = {isa = PBXFileReference; lastKnownFileType = sourcecode.swift; path = ContentView.swift; sourceTree = "<group>"; };
		C73E04C0249F9F4A00C6E22C /* Assets.xcassets */ = {isa = PBXFileReference; lastKnownFileType = folder.assetcatalog; path = Assets.xcassets; sourceTree = "<group>"; };
		C73E04C3249F9F4A00C6E22C /* Preview Assets.xcassets */ = {isa = PBXFileReference; lastKnownFileType = folder.assetcatalog; path = "Preview Assets.xcassets"; sourceTree = "<group>"; };
		C73E04C6249F9F4A00C6E22C /* Base */ = {isa = PBXFileReference; lastKnownFileType = file.storyboard; name = Base; path = Base.lproj/LaunchScreen.storyboard; sourceTree = "<group>"; };
		C73E04C8249F9F4A00C6E22C /* Info.plist */ = {isa = PBXFileReference; lastKnownFileType = text.plist.xml; path = Info.plist; sourceTree = "<group>"; };
		C73E04CD249F9F4A00C6E22C /* WoodsTests.xctest */ = {isa = PBXFileReference; explicitFileType = wrapper.cfbundle; includeInIndex = 0; path = WoodsTests.xctest; sourceTree = BUILT_PRODUCTS_DIR; };
		C73E04D1249F9F4A00C6E22C /* WoodsTests.swift */ = {isa = PBXFileReference; lastKnownFileType = sourcecode.swift; path = WoodsTests.swift; sourceTree = "<group>"; };
		C73E04D3249F9F4A00C6E22C /* Info.plist */ = {isa = PBXFileReference; lastKnownFileType = text.plist.xml; path = Info.plist; sourceTree = "<group>"; };
		C73E04D8249F9F4A00C6E22C /* WoodsUITests.xctest */ = {isa = PBXFileReference; explicitFileType = wrapper.cfbundle; includeInIndex = 0; path = WoodsUITests.xctest; sourceTree = BUILT_PRODUCTS_DIR; };
		C73E04DC249F9F4A00C6E22C /* WoodsUITests.swift */ = {isa = PBXFileReference; lastKnownFileType = sourcecode.swift; path = WoodsUITests.swift; sourceTree = "<group>"; };
		C73E04DE249F9F4A00C6E22C /* Info.plist */ = {isa = PBXFileReference; lastKnownFileType = text.plist.xml; path = Info.plist; sourceTree = "<group>"; };
		C765460025D87B26004F14E8 /* Geocache.swift */ = {isa = PBXFileReference; lastKnownFileType = sourcecode.swift; path = Geocache.swift; sourceTree = "<group>"; };
		C765460825D87BA9004F14E8 /* GeocacheType.swift */ = {isa = PBXFileReference; lastKnownFileType = sourcecode.swift; path = GeocacheType.swift; sourceTree = "<group>"; };
		C765460D25D87C5A004F14E8 /* Coordinates.swift */ = {isa = PBXFileReference; lastKnownFileType = sourcecode.swift; path = Coordinates.swift; sourceTree = "<group>"; };
		C765461225D87CEB004F14E8 /* GeocacheSize.swift */ = {isa = PBXFileReference; lastKnownFileType = sourcecode.swift; path = GeocacheSize.swift; sourceTree = "<group>"; };
		C765461B25D87E74004F14E8 /* Connector.swift */ = {isa = PBXFileReference; lastKnownFileType = sourcecode.swift; path = Connector.swift; sourceTree = "<group>"; };
		C765462325D87E9C004F14E8 /* GeocachesInRadiusQuery.swift */ = {isa = PBXFileReference; lastKnownFileType = sourcecode.swift; path = GeocachesInRadiusQuery.swift; sourceTree = "<group>"; };
		C765462B25D880D7004F14E8 /* Length.swift */ = {isa = PBXFileReference; lastKnownFileType = sourcecode.swift; path = Length.swift; sourceTree = "<group>"; };
		C765463025D8856C004F14E8 /* Credentials.swift */ = {isa = PBXFileReference; lastKnownFileType = sourcecode.swift; path = Credentials.swift; sourceTree = "<group>"; };
		C765463525D885B3004F14E8 /* ConnectorError.swift */ = {isa = PBXFileReference; lastKnownFileType = sourcecode.swift; path = ConnectorError.swift; sourceTree = "<group>"; };
		C765463B25D88AC6004F14E8 /* Accounts.swift */ = {isa = PBXFileReference; lastKnownFileType = sourcecode.swift; path = Accounts.swift; sourceTree = "<group>"; };
		C765464025D88B6C004F14E8 /* KeychainError.swift */ = {isa = PBXFileReference; lastKnownFileType = sourcecode.swift; path = KeychainError.swift; sourceTree = "<group>"; };
		C765464D25D88CEC004F14E8 /* AccountsView.swift */ = {isa = PBXFileReference; lastKnownFileType = sourcecode.swift; path = AccountsView.swift; sourceTree = "<group>"; };
		C765465225D88E48004F14E8 /* LoginView.swift */ = {isa = PBXFileReference; lastKnownFileType = sourcecode.swift; path = LoginView.swift; sourceTree = "<group>"; };
		C765465725D890E1004F14E8 /* Account.swift */ = {isa = PBXFileReference; lastKnownFileType = sourcecode.swift; path = Account.swift; sourceTree = "<group>"; };
		C765465C25D890F6004F14E8 /* AccountType.swift */ = {isa = PBXFileReference; lastKnownFileType = sourcecode.swift; path = AccountType.swift; sourceTree = "<group>"; };
		C765466125D89141004F14E8 /* GeocachingComConnector.swift */ = {isa = PBXFileReference; lastKnownFileType = sourcecode.swift; path = GeocachingComConnector.swift; sourceTree = "<group>"; };
		C765467625D8A23C004F14E8 /* PersistenceUtils.swift */ = {isa = PBXFileReference; lastKnownFileType = sourcecode.swift; path = PersistenceUtils.swift; sourceTree = "<group>"; };
		C765467E25D8A280004F14E8 /* JSONUtils.swift */ = {isa = PBXFileReference; lastKnownFileType = sourcecode.swift; path = JSONUtils.swift; sourceTree = "<group>"; };
		C765468325D8A2A1004F14E8 /* EnvironmentUtils.swift */ = {isa = PBXFileReference; lastKnownFileType = sourcecode.swift; path = EnvironmentUtils.swift; sourceTree = "<group>"; };
		C765468825D8A2C9004F14E8 /* DataUtils.swift */ = {isa = PBXFileReference; lastKnownFileType = sourcecode.swift; path = DataUtils.swift; sourceTree = "<group>"; };
		C765468D25D8A30F004F14E8 /* PersistenceError.swift */ = {isa = PBXFileReference; lastKnownFileType = sourcecode.swift; path = PersistenceError.swift; sourceTree = "<group>"; };
		C765469A25ED25DE004F14E8 /* EnumPicker.swift */ = {isa = PBXFileReference; fileEncoding = 4; lastKnownFileType = sourcecode.swift; path = EnumPicker.swift; sourceTree = "<group>"; };
		C76546AF25ED2DB6004F14E8 /* HTTPRequest.swift */ = {isa = PBXFileReference; fileEncoding = 4; lastKnownFileType = sourcecode.swift; path = HTTPRequest.swift; sourceTree = "<group>"; };
		C7B6F0FC249FA16B00454841 /* RefreshableGeocacheMapView.swift */ = {isa = PBXFileReference; lastKnownFileType = sourcecode.swift; path = RefreshableGeocacheMapView.swift; sourceTree = "<group>"; };
		C7B6F0FE249FA1B300454841 /* Map.swift */ = {isa = PBXFileReference; lastKnownFileType = sourcecode.swift; path = Map.swift; sourceTree = "<group>"; };
		C7B74E6B25ED8DA600D5194B /* GeocacheMapView.swift */ = {isa = PBXFileReference; lastKnownFileType = sourcecode.swift; path = GeocacheMapView.swift; sourceTree = "<group>"; };
		C7B74E8725EDADC100D5194B /* SlideOverCard.swift */ = {isa = PBXFileReference; lastKnownFileType = sourcecode.swift; path = SlideOverCard.swift; sourceTree = "<group>"; };
		C7B74E8C25EDAEA400D5194B /* Handle.swift */ = {isa = PBXFileReference; lastKnownFileType = sourcecode.swift; path = Handle.swift; sourceTree = "<group>"; };
		C7E1B88925ED72F0004575A5 /* MockConnector.swift */ = {isa = PBXFileReference; lastKnownFileType = sourcecode.swift; path = MockConnector.swift; sourceTree = "<group>"; };
		C7E1B88E25ED73EB004575A5 /* PublisherUtils.swift */ = {isa = PBXFileReference; lastKnownFileType = sourcecode.swift; path = PublisherUtils.swift; sourceTree = "<group>"; };
/* End PBXFileReference section */

/* Begin PBXFrameworksBuildPhase section */
		C73E04B4249F9F4700C6E22C /* Frameworks */ = {
			isa = PBXFrameworksBuildPhase;
			buildActionMask = 2147483647;
			files = (
				C76546B625ED2E07004F14E8 /* SwiftSoup in Frameworks */,
			);
			runOnlyForDeploymentPostprocessing = 0;
		};
		C73E04CA249F9F4A00C6E22C /* Frameworks */ = {
			isa = PBXFrameworksBuildPhase;
			buildActionMask = 2147483647;
			files = (
			);
			runOnlyForDeploymentPostprocessing = 0;
		};
		C73E04D5249F9F4A00C6E22C /* Frameworks */ = {
			isa = PBXFrameworksBuildPhase;
			buildActionMask = 2147483647;
			files = (
			);
			runOnlyForDeploymentPostprocessing = 0;
		};
/* End PBXFrameworksBuildPhase section */

/* Begin PBXGroup section */
		C73E04AE249F9F4700C6E22C = {
			isa = PBXGroup;
			children = (
				C73E04B9249F9F4700C6E22C /* Woods */,
				C73E04D0249F9F4A00C6E22C /* WoodsTests */,
				C73E04DB249F9F4A00C6E22C /* WoodsUITests */,
				C73E04B8249F9F4700C6E22C /* Products */,
			);
			sourceTree = "<group>";
		};
		C73E04B8249F9F4700C6E22C /* Products */ = {
			isa = PBXGroup;
			children = (
				C73E04B7249F9F4700C6E22C /* Woods.app */,
				C73E04CD249F9F4A00C6E22C /* WoodsTests.xctest */,
				C73E04D8249F9F4A00C6E22C /* WoodsUITests.xctest */,
			);
			name = Products;
			sourceTree = "<group>";
		};
		C73E04B9249F9F4700C6E22C /* Woods */ = {
			isa = PBXGroup;
			children = (
				C765467525D8A231004F14E8 /* Utils */,
				C76545FF25D87AE1004F14E8 /* Model */,
				C765461A25D87E25004F14E8 /* Connector */,
				C765463A25D88AB5004F14E8 /* ViewModel */,
				C7E8C79A249FA02B00B5BAF9 /* View */,
				C73E04BA249F9F4700C6E22C /* WoodsApp.swift */,
				C73E04C0249F9F4A00C6E22C /* Assets.xcassets */,
				C73E04C5249F9F4A00C6E22C /* LaunchScreen.storyboard */,
				C73E04C8249F9F4A00C6E22C /* Info.plist */,
				C73E04C2249F9F4A00C6E22C /* Preview Content */,
			);
			path = Woods;
			sourceTree = "<group>";
		};
		C73E04C2249F9F4A00C6E22C /* Preview Content */ = {
			isa = PBXGroup;
			children = (
				C73E04C3249F9F4A00C6E22C /* Preview Assets.xcassets */,
			);
			path = "Preview Content";
			sourceTree = "<group>";
		};
		C73E04D0249F9F4A00C6E22C /* WoodsTests */ = {
			isa = PBXGroup;
			children = (
				C73E04D1249F9F4A00C6E22C /* WoodsTests.swift */,
				C73E04D3249F9F4A00C6E22C /* Info.plist */,
			);
			path = WoodsTests;
			sourceTree = "<group>";
		};
		C73E04DB249F9F4A00C6E22C /* WoodsUITests */ = {
			isa = PBXGroup;
			children = (
				C73E04DC249F9F4A00C6E22C /* WoodsUITests.swift */,
				C73E04DE249F9F4A00C6E22C /* Info.plist */,
			);
			path = WoodsUITests;
			sourceTree = "<group>";
		};
		C76545FF25D87AE1004F14E8 /* Model */ = {
			isa = PBXGroup;
			children = (
				C765460025D87B26004F14E8 /* Geocache.swift */,
				C765460D25D87C5A004F14E8 /* Coordinates.swift */,
				C765461225D87CEB004F14E8 /* GeocacheSize.swift */,
				C765460825D87BA9004F14E8 /* GeocacheType.swift */,
				C765462B25D880D7004F14E8 /* Length.swift */,
				C765463025D8856C004F14E8 /* Credentials.swift */,
			);
			path = Model;
			sourceTree = "<group>";
		};
		C765461A25D87E25004F14E8 /* Connector */ = {
			isa = PBXGroup;
			children = (
				C765461B25D87E74004F14E8 /* Connector.swift */,
				C765463525D885B3004F14E8 /* ConnectorError.swift */,
				C765462325D87E9C004F14E8 /* GeocachesInRadiusQuery.swift */,
				C765466125D89141004F14E8 /* GeocachingComConnector.swift */,
				C7E1B88925ED72F0004575A5 /* MockConnector.swift */,
			);
			path = Connector;
			sourceTree = "<group>";
		};
		C765463A25D88AB5004F14E8 /* ViewModel */ = {
			isa = PBXGroup;
			children = (
				C765465725D890E1004F14E8 /* Account.swift */,
				C765465C25D890F6004F14E8 /* AccountType.swift */,
				C765463B25D88AC6004F14E8 /* Accounts.swift */,
				C765464025D88B6C004F14E8 /* KeychainError.swift */,
				C70B379C25ED7CC100553597 /* Geocaches.swift */,
			);
			path = ViewModel;
			sourceTree = "<group>";
		};
		C765467525D8A231004F14E8 /* Utils */ = {
			isa = PBXGroup;
			children = (
				C765467625D8A23C004F14E8 /* PersistenceUtils.swift */,
				C765468825D8A2C9004F14E8 /* DataUtils.swift */,
				C765468D25D8A30F004F14E8 /* PersistenceError.swift */,
				C765468325D8A2A1004F14E8 /* EnvironmentUtils.swift */,
				C765467E25D8A280004F14E8 /* JSONUtils.swift */,
				C76546AF25ED2DB6004F14E8 /* HTTPRequest.swift */,
				C7E1B88E25ED73EB004575A5 /* PublisherUtils.swift */,
			);
			path = Utils;
			sourceTree = "<group>";
		};
		C7E8C79A249FA02B00B5BAF9 /* View */ = {
			isa = PBXGroup;
			children = (
				C73E04BE249F9F4700C6E22C /* ContentView.swift */,
				C765464D25D88CEC004F14E8 /* AccountsView.swift */,
				C765465225D88E48004F14E8 /* LoginView.swift */,
				C7B6F0FC249FA16B00454841 /* RefreshableGeocacheMapView.swift */,
				C7B74E6B25ED8DA600D5194B /* GeocacheMapView.swift */,
				C7B6F0FE249FA1B300454841 /* Map.swift */,
				C765469A25ED25DE004F14E8 /* EnumPicker.swift */,
				C7B74E8725EDADC100D5194B /* SlideOverCard.swift */,
				C7B74E8C25EDAEA400D5194B /* Handle.swift */,
			);
			path = View;
			sourceTree = "<group>";
		};
/* End PBXGroup section */

/* Begin PBXNativeTarget section */
		C73E04B6249F9F4700C6E22C /* Woods */ = {
			isa = PBXNativeTarget;
			buildConfigurationList = C73E04E1249F9F4A00C6E22C /* Build configuration list for PBXNativeTarget "Woods" */;
			buildPhases = (
				C73E04B3249F9F4700C6E22C /* Sources */,
				C73E04B4249F9F4700C6E22C /* Frameworks */,
				C73E04B5249F9F4700C6E22C /* Resources */,
			);
			buildRules = (
			);
			dependencies = (
			);
			name = Woods;
			packageProductDependencies = (
				C76546B525ED2E07004F14E8 /* SwiftSoup */,
			);
			productName = Woods;
			productReference = C73E04B7249F9F4700C6E22C /* Woods.app */;
			productType = "com.apple.product-type.application";
		};
		C73E04CC249F9F4A00C6E22C /* WoodsTests */ = {
			isa = PBXNativeTarget;
			buildConfigurationList = C73E04E4249F9F4A00C6E22C /* Build configuration list for PBXNativeTarget "WoodsTests" */;
			buildPhases = (
				C73E04C9249F9F4A00C6E22C /* Sources */,
				C73E04CA249F9F4A00C6E22C /* Frameworks */,
				C73E04CB249F9F4A00C6E22C /* Resources */,
			);
			buildRules = (
			);
			dependencies = (
				C73E04CF249F9F4A00C6E22C /* PBXTargetDependency */,
			);
			name = WoodsTests;
			productName = WoodsTests;
			productReference = C73E04CD249F9F4A00C6E22C /* WoodsTests.xctest */;
			productType = "com.apple.product-type.bundle.unit-test";
		};
		C73E04D7249F9F4A00C6E22C /* WoodsUITests */ = {
			isa = PBXNativeTarget;
			buildConfigurationList = C73E04E7249F9F4A00C6E22C /* Build configuration list for PBXNativeTarget "WoodsUITests" */;
			buildPhases = (
				C73E04D4249F9F4A00C6E22C /* Sources */,
				C73E04D5249F9F4A00C6E22C /* Frameworks */,
				C73E04D6249F9F4A00C6E22C /* Resources */,
			);
			buildRules = (
			);
			dependencies = (
				C73E04DA249F9F4A00C6E22C /* PBXTargetDependency */,
			);
			name = WoodsUITests;
			productName = WoodsUITests;
			productReference = C73E04D8249F9F4A00C6E22C /* WoodsUITests.xctest */;
			productType = "com.apple.product-type.bundle.ui-testing";
		};
/* End PBXNativeTarget section */

/* Begin PBXProject section */
		C73E04AF249F9F4700C6E22C /* Project object */ = {
			isa = PBXProject;
			attributes = {
				LastSwiftUpdateCheck = 1130;
				LastUpgradeCheck = 1130;
				ORGANIZATIONNAME = Fredrik;
				TargetAttributes = {
					C73E04B6249F9F4700C6E22C = {
						CreatedOnToolsVersion = 11.3.1;
					};
					C73E04CC249F9F4A00C6E22C = {
						CreatedOnToolsVersion = 11.3.1;
						TestTargetID = C73E04B6249F9F4700C6E22C;
					};
					C73E04D7249F9F4A00C6E22C = {
						CreatedOnToolsVersion = 11.3.1;
						TestTargetID = C73E04B6249F9F4700C6E22C;
					};
				};
			};
			buildConfigurationList = C73E04B2249F9F4700C6E22C /* Build configuration list for PBXProject "Woods" */;
			compatibilityVersion = "Xcode 9.3";
			developmentRegion = en;
			hasScannedForEncodings = 0;
			knownRegions = (
				en,
				Base,
			);
			mainGroup = C73E04AE249F9F4700C6E22C;
			packageReferences = (
				C76546B425ED2E07004F14E8 /* XCRemoteSwiftPackageReference "SwiftSoup" */,
			);
			productRefGroup = C73E04B8249F9F4700C6E22C /* Products */;
			projectDirPath = "";
			projectRoot = "";
			targets = (
				C73E04B6249F9F4700C6E22C /* Woods */,
				C73E04CC249F9F4A00C6E22C /* WoodsTests */,
				C73E04D7249F9F4A00C6E22C /* WoodsUITests */,
			);
		};
/* End PBXProject section */

/* Begin PBXResourcesBuildPhase section */
		C73E04B5249F9F4700C6E22C /* Resources */ = {
			isa = PBXResourcesBuildPhase;
			buildActionMask = 2147483647;
			files = (
				C73E04C7249F9F4A00C6E22C /* LaunchScreen.storyboard in Resources */,
				C73E04C4249F9F4A00C6E22C /* Preview Assets.xcassets in Resources */,
				C73E04C1249F9F4A00C6E22C /* Assets.xcassets in Resources */,
			);
			runOnlyForDeploymentPostprocessing = 0;
		};
		C73E04CB249F9F4A00C6E22C /* Resources */ = {
			isa = PBXResourcesBuildPhase;
			buildActionMask = 2147483647;
			files = (
			);
			runOnlyForDeploymentPostprocessing = 0;
		};
		C73E04D6249F9F4A00C6E22C /* Resources */ = {
			isa = PBXResourcesBuildPhase;
			buildActionMask = 2147483647;
			files = (
			);
			runOnlyForDeploymentPostprocessing = 0;
		};
/* End PBXResourcesBuildPhase section */

/* Begin PBXSourcesBuildPhase section */
		C73E04B3249F9F4700C6E22C /* Sources */ = {
			isa = PBXSourcesBuildPhase;
			buildActionMask = 2147483647;
			files = (
				C70B379D25ED7CC100553597 /* Geocaches.swift in Sources */,
				C765461C25D87E74004F14E8 /* Connector.swift in Sources */,
				C765464125D88B6C004F14E8 /* KeychainError.swift in Sources */,
				C765463625D885B3004F14E8 /* ConnectorError.swift in Sources */,
				C765460925D87BA9004F14E8 /* GeocacheType.swift in Sources */,
				C765463C25D88AC6004F14E8 /* Accounts.swift in Sources */,
				C765465D25D890F6004F14E8 /* AccountType.swift in Sources */,
				C76546B025ED2DB6004F14E8 /* HTTPRequest.swift in Sources */,
				C765465825D890E1004F14E8 /* Account.swift in Sources */,
				C7B6F0FD249FA16B00454841 /* RefreshableGeocacheMapView.swift in Sources */,
				C73E04BB249F9F4700C6E22C /* WoodsApp.swift in Sources */,
				C765466225D89141004F14E8 /* GeocachingComConnector.swift in Sources */,
				C765468425D8A2A1004F14E8 /* EnvironmentUtils.swift in Sources */,
				C765460125D87B26004F14E8 /* Geocache.swift in Sources */,
				C7B74E8D25EDAEA400D5194B /* Handle.swift in Sources */,
				C765464E25D88CEC004F14E8 /* AccountsView.swift in Sources */,
				C765468925D8A2C9004F14E8 /* DataUtils.swift in Sources */,
				C765462425D87E9C004F14E8 /* GeocachesInRadiusQuery.swift in Sources */,
				C7B74E6C25ED8DA600D5194B /* GeocacheMapView.swift in Sources */,
				C765467F25D8A280004F14E8 /* JSONUtils.swift in Sources */,
				C765467725D8A23C004F14E8 /* PersistenceUtils.swift in Sources */,
				C7E1B88F25ED73EB004575A5 /* PublisherUtils.swift in Sources */,
				C7B74E8825EDADC100D5194B /* SlideOverCard.swift in Sources */,
				C765465325D88E48004F14E8 /* LoginView.swift in Sources */,
				C7E1B88A25ED72F0004575A5 /* MockConnector.swift in Sources */,
				C765468E25D8A30F004F14E8 /* PersistenceError.swift in Sources */,
				C765463125D8856C004F14E8 /* Credentials.swift in Sources */,
				C7B6F0FF249FA1B300454841 /* Map.swift in Sources */,
				C73E04BF249F9F4700C6E22C /* ContentView.swift in Sources */,
				C765460E25D87C5A004F14E8 /* Coordinates.swift in Sources */,
				C765461325D87CEB004F14E8 /* GeocacheSize.swift in Sources */,
				C765469B25ED25DE004F14E8 /* EnumPicker.swift in Sources */,
				C765462C25D880D7004F14E8 /* Length.swift in Sources */,
			);
			runOnlyForDeploymentPostprocessing = 0;
		};
		C73E04C9249F9F4A00C6E22C /* Sources */ = {
			isa = PBXSourcesBuildPhase;
			buildActionMask = 2147483647;
			files = (
				C73E04D2249F9F4A00C6E22C /* WoodsTests.swift in Sources */,
			);
			runOnlyForDeploymentPostprocessing = 0;
		};
		C73E04D4249F9F4A00C6E22C /* Sources */ = {
			isa = PBXSourcesBuildPhase;
			buildActionMask = 2147483647;
			files = (
				C73E04DD249F9F4A00C6E22C /* WoodsUITests.swift in Sources */,
			);
			runOnlyForDeploymentPostprocessing = 0;
		};
/* End PBXSourcesBuildPhase section */

/* Begin PBXTargetDependency section */
		C73E04CF249F9F4A00C6E22C /* PBXTargetDependency */ = {
			isa = PBXTargetDependency;
			target = C73E04B6249F9F4700C6E22C /* Woods */;
			targetProxy = C73E04CE249F9F4A00C6E22C /* PBXContainerItemProxy */;
		};
		C73E04DA249F9F4A00C6E22C /* PBXTargetDependency */ = {
			isa = PBXTargetDependency;
			target = C73E04B6249F9F4700C6E22C /* Woods */;
			targetProxy = C73E04D9249F9F4A00C6E22C /* PBXContainerItemProxy */;
		};
/* End PBXTargetDependency section */

/* Begin PBXVariantGroup section */
		C73E04C5249F9F4A00C6E22C /* LaunchScreen.storyboard */ = {
			isa = PBXVariantGroup;
			children = (
				C73E04C6249F9F4A00C6E22C /* Base */,
			);
			name = LaunchScreen.storyboard;
			sourceTree = "<group>";
		};
/* End PBXVariantGroup section */

/* Begin XCBuildConfiguration section */
		C73E04DF249F9F4A00C6E22C /* Debug */ = {
			isa = XCBuildConfiguration;
			buildSettings = {
				ALWAYS_SEARCH_USER_PATHS = NO;
				CLANG_ANALYZER_NONNULL = YES;
				CLANG_ANALYZER_NUMBER_OBJECT_CONVERSION = YES_AGGRESSIVE;
				CLANG_CXX_LANGUAGE_STANDARD = "gnu++14";
				CLANG_CXX_LIBRARY = "libc++";
				CLANG_ENABLE_MODULES = YES;
				CLANG_ENABLE_OBJC_ARC = YES;
				CLANG_ENABLE_OBJC_WEAK = YES;
				CLANG_WARN_BLOCK_CAPTURE_AUTORELEASING = YES;
				CLANG_WARN_BOOL_CONVERSION = YES;
				CLANG_WARN_COMMA = YES;
				CLANG_WARN_CONSTANT_CONVERSION = YES;
				CLANG_WARN_DEPRECATED_OBJC_IMPLEMENTATIONS = YES;
				CLANG_WARN_DIRECT_OBJC_ISA_USAGE = YES_ERROR;
				CLANG_WARN_DOCUMENTATION_COMMENTS = YES;
				CLANG_WARN_EMPTY_BODY = YES;
				CLANG_WARN_ENUM_CONVERSION = YES;
				CLANG_WARN_INFINITE_RECURSION = YES;
				CLANG_WARN_INT_CONVERSION = YES;
				CLANG_WARN_NON_LITERAL_NULL_CONVERSION = YES;
				CLANG_WARN_OBJC_IMPLICIT_RETAIN_SELF = YES;
				CLANG_WARN_OBJC_LITERAL_CONVERSION = YES;
				CLANG_WARN_OBJC_ROOT_CLASS = YES_ERROR;
				CLANG_WARN_RANGE_LOOP_ANALYSIS = YES;
				CLANG_WARN_STRICT_PROTOTYPES = YES;
				CLANG_WARN_SUSPICIOUS_MOVE = YES;
				CLANG_WARN_UNGUARDED_AVAILABILITY = YES_AGGRESSIVE;
				CLANG_WARN_UNREACHABLE_CODE = YES;
				CLANG_WARN__DUPLICATE_METHOD_MATCH = YES;
				COPY_PHASE_STRIP = NO;
				DEBUG_INFORMATION_FORMAT = dwarf;
				ENABLE_STRICT_OBJC_MSGSEND = YES;
				ENABLE_TESTABILITY = YES;
				GCC_C_LANGUAGE_STANDARD = gnu11;
				GCC_DYNAMIC_NO_PIC = NO;
				GCC_NO_COMMON_BLOCKS = YES;
				GCC_OPTIMIZATION_LEVEL = 0;
				GCC_PREPROCESSOR_DEFINITIONS = (
					"DEBUG=1",
					"$(inherited)",
				);
				GCC_WARN_64_TO_32_BIT_CONVERSION = YES;
				GCC_WARN_ABOUT_RETURN_TYPE = YES_ERROR;
				GCC_WARN_UNDECLARED_SELECTOR = YES;
				GCC_WARN_UNINITIALIZED_AUTOS = YES_AGGRESSIVE;
				GCC_WARN_UNUSED_FUNCTION = YES;
				GCC_WARN_UNUSED_VARIABLE = YES;
				IPHONEOS_DEPLOYMENT_TARGET = 14.1;
				MTL_ENABLE_DEBUG_INFO = INCLUDE_SOURCE;
				MTL_FAST_MATH = YES;
				ONLY_ACTIVE_ARCH = YES;
				SDKROOT = iphoneos;
				SWIFT_ACTIVE_COMPILATION_CONDITIONS = DEBUG;
				SWIFT_OPTIMIZATION_LEVEL = "-Onone";
			};
			name = Debug;
		};
		C73E04E0249F9F4A00C6E22C /* Release */ = {
			isa = XCBuildConfiguration;
			buildSettings = {
				ALWAYS_SEARCH_USER_PATHS = NO;
				CLANG_ANALYZER_NONNULL = YES;
				CLANG_ANALYZER_NUMBER_OBJECT_CONVERSION = YES_AGGRESSIVE;
				CLANG_CXX_LANGUAGE_STANDARD = "gnu++14";
				CLANG_CXX_LIBRARY = "libc++";
				CLANG_ENABLE_MODULES = YES;
				CLANG_ENABLE_OBJC_ARC = YES;
				CLANG_ENABLE_OBJC_WEAK = YES;
				CLANG_WARN_BLOCK_CAPTURE_AUTORELEASING = YES;
				CLANG_WARN_BOOL_CONVERSION = YES;
				CLANG_WARN_COMMA = YES;
				CLANG_WARN_CONSTANT_CONVERSION = YES;
				CLANG_WARN_DEPRECATED_OBJC_IMPLEMENTATIONS = YES;
				CLANG_WARN_DIRECT_OBJC_ISA_USAGE = YES_ERROR;
				CLANG_WARN_DOCUMENTATION_COMMENTS = YES;
				CLANG_WARN_EMPTY_BODY = YES;
				CLANG_WARN_ENUM_CONVERSION = YES;
				CLANG_WARN_INFINITE_RECURSION = YES;
				CLANG_WARN_INT_CONVERSION = YES;
				CLANG_WARN_NON_LITERAL_NULL_CONVERSION = YES;
				CLANG_WARN_OBJC_IMPLICIT_RETAIN_SELF = YES;
				CLANG_WARN_OBJC_LITERAL_CONVERSION = YES;
				CLANG_WARN_OBJC_ROOT_CLASS = YES_ERROR;
				CLANG_WARN_RANGE_LOOP_ANALYSIS = YES;
				CLANG_WARN_STRICT_PROTOTYPES = YES;
				CLANG_WARN_SUSPICIOUS_MOVE = YES;
				CLANG_WARN_UNGUARDED_AVAILABILITY = YES_AGGRESSIVE;
				CLANG_WARN_UNREACHABLE_CODE = YES;
				CLANG_WARN__DUPLICATE_METHOD_MATCH = YES;
				COPY_PHASE_STRIP = NO;
				DEBUG_INFORMATION_FORMAT = "dwarf-with-dsym";
				ENABLE_NS_ASSERTIONS = NO;
				ENABLE_STRICT_OBJC_MSGSEND = YES;
				GCC_C_LANGUAGE_STANDARD = gnu11;
				GCC_NO_COMMON_BLOCKS = YES;
				GCC_WARN_64_TO_32_BIT_CONVERSION = YES;
				GCC_WARN_ABOUT_RETURN_TYPE = YES_ERROR;
				GCC_WARN_UNDECLARED_SELECTOR = YES;
				GCC_WARN_UNINITIALIZED_AUTOS = YES_AGGRESSIVE;
				GCC_WARN_UNUSED_FUNCTION = YES;
				GCC_WARN_UNUSED_VARIABLE = YES;
				IPHONEOS_DEPLOYMENT_TARGET = 14.1;
				MTL_ENABLE_DEBUG_INFO = NO;
				MTL_FAST_MATH = YES;
				SDKROOT = iphoneos;
				SWIFT_COMPILATION_MODE = wholemodule;
				SWIFT_OPTIMIZATION_LEVEL = "-O";
				VALIDATE_PRODUCT = YES;
			};
			name = Release;
		};
		C73E04E2249F9F4A00C6E22C /* Debug */ = {
			isa = XCBuildConfiguration;
			buildSettings = {
				ASSETCATALOG_COMPILER_APPICON_NAME = AppIcon;
				CODE_SIGN_STYLE = Automatic;
				DEVELOPMENT_ASSET_PATHS = "\"Woods/Preview Content\"";
				DEVELOPMENT_TEAM = SS8V8UGLY8;
				ENABLE_PREVIEWS = YES;
				INFOPLIST_FILE = Woods/Info.plist;
				LD_RUNPATH_SEARCH_PATHS = (
					"$(inherited)",
					"@executable_path/Frameworks",
				);
				PRODUCT_BUNDLE_IDENTIFIER = fwcd.Woods;
				PRODUCT_NAME = "$(TARGET_NAME)";
				SWIFT_VERSION = 5.0;
				TARGETED_DEVICE_FAMILY = "1,2";
			};
			name = Debug;
		};
		C73E04E3249F9F4A00C6E22C /* Release */ = {
			isa = XCBuildConfiguration;
			buildSettings = {
				ASSETCATALOG_COMPILER_APPICON_NAME = AppIcon;
				CODE_SIGN_STYLE = Automatic;
				DEVELOPMENT_ASSET_PATHS = "\"Woods/Preview Content\"";
				DEVELOPMENT_TEAM = SS8V8UGLY8;
				ENABLE_PREVIEWS = YES;
				INFOPLIST_FILE = Woods/Info.plist;
				LD_RUNPATH_SEARCH_PATHS = (
					"$(inherited)",
					"@executable_path/Frameworks",
				);
				PRODUCT_BUNDLE_IDENTIFIER = fwcd.Woods;
				PRODUCT_NAME = "$(TARGET_NAME)";
				SWIFT_VERSION = 5.0;
				TARGETED_DEVICE_FAMILY = "1,2";
			};
			name = Release;
		};
		C73E04E5249F9F4A00C6E22C /* Debug */ = {
			isa = XCBuildConfiguration;
			buildSettings = {
				ALWAYS_EMBED_SWIFT_STANDARD_LIBRARIES = YES;
				BUNDLE_LOADER = "$(TEST_HOST)";
				CODE_SIGN_STYLE = Automatic;
				DEVELOPMENT_TEAM = SS8V8UGLY8;
				INFOPLIST_FILE = WoodsTests/Info.plist;
				IPHONEOS_DEPLOYMENT_TARGET = 13.2;
				LD_RUNPATH_SEARCH_PATHS = (
					"$(inherited)",
					"@executable_path/Frameworks",
					"@loader_path/Frameworks",
				);
				PRODUCT_BUNDLE_IDENTIFIER = fwcd.WoodsTests;
				PRODUCT_NAME = "$(TARGET_NAME)";
				SWIFT_VERSION = 5.0;
				TARGETED_DEVICE_FAMILY = "1,2";
				TEST_HOST = "$(BUILT_PRODUCTS_DIR)/Woods.app/Woods";
			};
			name = Debug;
		};
		C73E04E6249F9F4A00C6E22C /* Release */ = {
			isa = XCBuildConfiguration;
			buildSettings = {
				ALWAYS_EMBED_SWIFT_STANDARD_LIBRARIES = YES;
				BUNDLE_LOADER = "$(TEST_HOST)";
				CODE_SIGN_STYLE = Automatic;
				DEVELOPMENT_TEAM = SS8V8UGLY8;
				INFOPLIST_FILE = WoodsTests/Info.plist;
				IPHONEOS_DEPLOYMENT_TARGET = 13.2;
				LD_RUNPATH_SEARCH_PATHS = (
					"$(inherited)",
					"@executable_path/Frameworks",
					"@loader_path/Frameworks",
				);
				PRODUCT_BUNDLE_IDENTIFIER = fwcd.WoodsTests;
				PRODUCT_NAME = "$(TARGET_NAME)";
				SWIFT_VERSION = 5.0;
				TARGETED_DEVICE_FAMILY = "1,2";
				TEST_HOST = "$(BUILT_PRODUCTS_DIR)/Woods.app/Woods";
			};
			name = Release;
		};
		C73E04E8249F9F4A00C6E22C /* Debug */ = {
			isa = XCBuildConfiguration;
			buildSettings = {
				ALWAYS_EMBED_SWIFT_STANDARD_LIBRARIES = YES;
				CODE_SIGN_STYLE = Automatic;
				DEVELOPMENT_TEAM = SS8V8UGLY8;
				INFOPLIST_FILE = WoodsUITests/Info.plist;
				LD_RUNPATH_SEARCH_PATHS = (
					"$(inherited)",
					"@executable_path/Frameworks",
					"@loader_path/Frameworks",
				);
				PRODUCT_BUNDLE_IDENTIFIER = fwcd.WoodsUITests;
				PRODUCT_NAME = "$(TARGET_NAME)";
				SWIFT_VERSION = 5.0;
				TARGETED_DEVICE_FAMILY = "1,2";
				TEST_TARGET_NAME = Woods;
			};
			name = Debug;
		};
		C73E04E9249F9F4A00C6E22C /* Release */ = {
			isa = XCBuildConfiguration;
			buildSettings = {
				ALWAYS_EMBED_SWIFT_STANDARD_LIBRARIES = YES;
				CODE_SIGN_STYLE = Automatic;
				DEVELOPMENT_TEAM = SS8V8UGLY8;
				INFOPLIST_FILE = WoodsUITests/Info.plist;
				LD_RUNPATH_SEARCH_PATHS = (
					"$(inherited)",
					"@executable_path/Frameworks",
					"@loader_path/Frameworks",
				);
				PRODUCT_BUNDLE_IDENTIFIER = fwcd.WoodsUITests;
				PRODUCT_NAME = "$(TARGET_NAME)";
				SWIFT_VERSION = 5.0;
				TARGETED_DEVICE_FAMILY = "1,2";
				TEST_TARGET_NAME = Woods;
			};
			name = Release;
		};
/* End XCBuildConfiguration section */

/* Begin XCConfigurationList section */
		C73E04B2249F9F4700C6E22C /* Build configuration list for PBXProject "Woods" */ = {
			isa = XCConfigurationList;
			buildConfigurations = (
				C73E04DF249F9F4A00C6E22C /* Debug */,
				C73E04E0249F9F4A00C6E22C /* Release */,
			);
			defaultConfigurationIsVisible = 0;
			defaultConfigurationName = Release;
		};
		C73E04E1249F9F4A00C6E22C /* Build configuration list for PBXNativeTarget "Woods" */ = {
			isa = XCConfigurationList;
			buildConfigurations = (
				C73E04E2249F9F4A00C6E22C /* Debug */,
				C73E04E3249F9F4A00C6E22C /* Release */,
			);
			defaultConfigurationIsVisible = 0;
			defaultConfigurationName = Release;
		};
		C73E04E4249F9F4A00C6E22C /* Build configuration list for PBXNativeTarget "WoodsTests" */ = {
			isa = XCConfigurationList;
			buildConfigurations = (
				C73E04E5249F9F4A00C6E22C /* Debug */,
				C73E04E6249F9F4A00C6E22C /* Release */,
			);
			defaultConfigurationIsVisible = 0;
			defaultConfigurationName = Release;
		};
		C73E04E7249F9F4A00C6E22C /* Build configuration list for PBXNativeTarget "WoodsUITests" */ = {
			isa = XCConfigurationList;
			buildConfigurations = (
				C73E04E8249F9F4A00C6E22C /* Debug */,
				C73E04E9249F9F4A00C6E22C /* Release */,
			);
			defaultConfigurationIsVisible = 0;
			defaultConfigurationName = Release;
		};
/* End XCConfigurationList section */

/* Begin XCRemoteSwiftPackageReference section */
		C76546B425ED2E07004F14E8 /* XCRemoteSwiftPackageReference "SwiftSoup" */ = {
			isa = XCRemoteSwiftPackageReference;
			repositoryURL = "https://github.com/scinfu/SwiftSoup.git";
			requirement = {
				kind = upToNextMajorVersion;
				minimumVersion = 2.3.2;
			};
		};
/* End XCRemoteSwiftPackageReference section */

/* Begin XCSwiftPackageProductDependency section */
		C76546B525ED2E07004F14E8 /* SwiftSoup */ = {
			isa = XCSwiftPackageProductDependency;
			package = C76546B425ED2E07004F14E8 /* XCRemoteSwiftPackageReference "SwiftSoup" */;
			productName = SwiftSoup;
		};
/* End XCSwiftPackageProductDependency section */
	};
	rootObject = C73E04AF249F9F4700C6E22C /* Project object */;
}
